// !$*UTF8*$!
{
	archiveVersion = 1;
	classes = {
	};
	objectVersion = 55;
	objects = {

/* Begin PBXBuildFile section */
		63EC6A422743D63F001F7C98 /* AppDelegate.swift in Sources */ = {isa = PBXBuildFile; fileRef = 63EC6A412743D63F001F7C98 /* AppDelegate.swift */; };
		63EC6A442743D63F001F7C98 /* SceneDelegate.swift in Sources */ = {isa = PBXBuildFile; fileRef = 63EC6A432743D63F001F7C98 /* SceneDelegate.swift */; };
		63EC6A462743D63F001F7C98 /* ViewController.swift in Sources */ = {isa = PBXBuildFile; fileRef = 63EC6A452743D63F001F7C98 /* ViewController.swift */; };
		63EC6A492743D63F001F7C98 /* Main.storyboard in Resources */ = {isa = PBXBuildFile; fileRef = 63EC6A472743D63F001F7C98 /* Main.storyboard */; };
		63EC6A4B2743D640001F7C98 /* Assets.xcassets in Resources */ = {isa = PBXBuildFile; fileRef = 63EC6A4A2743D640001F7C98 /* Assets.xcassets */; };
		63EC6A4E2743D640001F7C98 /* LaunchScreen.storyboard in Resources */ = {isa = PBXBuildFile; fileRef = 63EC6A4C2743D640001F7C98 /* LaunchScreen.storyboard */; };
		63EC6A592743D640001F7C98 /* XcodeIntroTests.swift in Sources */ = {isa = PBXBuildFile; fileRef = 63EC6A582743D640001F7C98 /* XcodeIntroTests.swift */; };
		63EC6A632743D640001F7C98 /* XcodeIntroUITests.swift in Sources */ = {isa = PBXBuildFile; fileRef = 63EC6A622743D640001F7C98 /* XcodeIntroUITests.swift */; };
		63EC6A652743D640001F7C98 /* XcodeIntroUITestsLaunchTests.swift in Sources */ = {isa = PBXBuildFile; fileRef = 63EC6A642743D640001F7C98 /* XcodeIntroUITestsLaunchTests.swift */; };
/* End PBXBuildFile section */

/* Begin PBXContainerItemProxy section */
		63EC6A552743D640001F7C98 /* PBXContainerItemProxy */ = {
			isa = PBXContainerItemProxy;
			containerPortal = 63EC6A362743D63F001F7C98 /* Project object */;
			proxyType = 1;
			remoteGlobalIDString = 63EC6A3D2743D63F001F7C98;
			remoteInfo = XcodeIntro;
		};
		63EC6A5F2743D640001F7C98 /* PBXContainerItemProxy */ = {
			isa = PBXContainerItemProxy;
			containerPortal = 63EC6A362743D63F001F7C98 /* Project object */;
			proxyType = 1;
			remoteGlobalIDString = 63EC6A3D2743D63F001F7C98;
			remoteInfo = XcodeIntro;
		};
/* End PBXContainerItemProxy section */

/* Begin PBXFileReference section */
		63EC6A3E2743D63F001F7C98 /* XcodeIntro.app */ = {isa = PBXFileReference; explicitFileType = wrapper.application; includeInIndex = 0; path = XcodeIntro.app; sourceTree = BUILT_PRODUCTS_DIR; };
		63EC6A412743D63F001F7C98 /* AppDelegate.swift */ = {isa = PBXFileReference; lastKnownFileType = sourcecode.swift; path = AppDelegate.swift; sourceTree = "<group>"; };
		63EC6A432743D63F001F7C98 /* SceneDelegate.swift */ = {isa = PBXFileReference; lastKnownFileType = sourcecode.swift; path = SceneDelegate.swift; sourceTree = "<group>"; };
		63EC6A452743D63F001F7C98 /* ViewController.swift */ = {isa = PBXFileReference; lastKnownFileType = sourcecode.swift; path = ViewController.swift; sourceTree = "<group>"; };
		63EC6A482743D63F001F7C98 /* Base */ = {isa = PBXFileReference; lastKnownFileType = file.storyboard; name = Base; path = Base.lproj/Main.storyboard; sourceTree = "<group>"; };
		63EC6A4A2743D640001F7C98 /* Assets.xcassets */ = {isa = PBXFileReference; lastKnownFileType = folder.assetcatalog; path = Assets.xcassets; sourceTree = "<group>"; };
		63EC6A4D2743D640001F7C98 /* Base */ = {isa = PBXFileReference; lastKnownFileType = file.storyboard; name = Base; path = Base.lproj/LaunchScreen.storyboard; sourceTree = "<group>"; };
		63EC6A4F2743D640001F7C98 /* Info.plist */ = {isa = PBXFileReference; lastKnownFileType = text.plist.xml; path = Info.plist; sourceTree = "<group>"; };
		63EC6A542743D640001F7C98 /* XcodeIntroTests.xctest */ = {isa = PBXFileReference; explicitFileType = wrapper.cfbundle; includeInIndex = 0; path = XcodeIntroTests.xctest; sourceTree = BUILT_PRODUCTS_DIR; };
		63EC6A582743D640001F7C98 /* XcodeIntroTests.swift */ = {isa = PBXFileReference; lastKnownFileType = sourcecode.swift; path = XcodeIntroTests.swift; sourceTree = "<group>"; };
		63EC6A5E2743D640001F7C98 /* XcodeIntroUITests.xctest */ = {isa = PBXFileReference; explicitFileType = wrapper.cfbundle; includeInIndex = 0; path = XcodeIntroUITests.xctest; sourceTree = BUILT_PRODUCTS_DIR; };
		63EC6A622743D640001F7C98 /* XcodeIntroUITests.swift */ = {isa = PBXFileReference; lastKnownFileType = sourcecode.swift; path = XcodeIntroUITests.swift; sourceTree = "<group>"; };
		63EC6A642743D640001F7C98 /* XcodeIntroUITestsLaunchTests.swift */ = {isa = PBXFileReference; lastKnownFileType = sourcecode.swift; path = XcodeIntroUITestsLaunchTests.swift; sourceTree = "<group>"; };
/* End PBXFileReference section */

/* Begin PBXFrameworksBuildPhase section */
		63EC6A3B2743D63F001F7C98 /* Frameworks */ = {
			isa = PBXFrameworksBuildPhase;
			buildActionMask = 2147483647;
			files = (
			);
			runOnlyForDeploymentPostprocessing = 0;
		};
		63EC6A512743D640001F7C98 /* Frameworks */ = {
			isa = PBXFrameworksBuildPhase;
			buildActionMask = 2147483647;
			files = (
			);
			runOnlyForDeploymentPostprocessing = 0;
		};
		63EC6A5B2743D640001F7C98 /* Frameworks */ = {
			isa = PBXFrameworksBuildPhase;
			buildActionMask = 2147483647;
			files = (
			);
			runOnlyForDeploymentPostprocessing = 0;
		};
/* End PBXFrameworksBuildPhase section */

/* Begin PBXGroup section */
		63EC6A352743D63F001F7C98 = {
			isa = PBXGroup;
			children = (
				63EC6A402743D63F001F7C98 /* XcodeIntro */,
				63EC6A572743D640001F7C98 /* XcodeIntroTests */,
				63EC6A612743D640001F7C98 /* XcodeIntroUITests */,
				63EC6A3F2743D63F001F7C98 /* Products */,
			);
			sourceTree = "<group>";
		};
		63EC6A3F2743D63F001F7C98 /* Products */ = {
			isa = PBXGroup;
			children = (
				63EC6A3E2743D63F001F7C98 /* XcodeIntro.app */,
				63EC6A542743D640001F7C98 /* XcodeIntroTests.xctest */,
				63EC6A5E2743D640001F7C98 /* XcodeIntroUITests.xctest */,
			);
			name = Products;
			sourceTree = "<group>";
		};
		63EC6A402743D63F001F7C98 /* XcodeIntro */ = {
			isa = PBXGroup;
			children = (
				63EC6A412743D63F001F7C98 /* AppDelegate.swift */,
				63EC6A432743D63F001F7C98 /* SceneDelegate.swift */,
				63EC6A452743D63F001F7C98 /* ViewController.swift */,
				63EC6A472743D63F001F7C98 /* Main.storyboard */,
				63EC6A4A2743D640001F7C98 /* Assets.xcassets */,
				63EC6A4C2743D640001F7C98 /* LaunchScreen.storyboard */,
				63EC6A4F2743D640001F7C98 /* Info.plist */,
			);
			path = XcodeIntro;
			sourceTree = "<group>";
		};
		63EC6A572743D640001F7C98 /* XcodeIntroTests */ = {
			isa = PBXGroup;
			children = (
				63EC6A582743D640001F7C98 /* XcodeIntroTests.swift */,
			);
			path = XcodeIntroTests;
			sourceTree = "<group>";
		};
		63EC6A612743D640001F7C98 /* XcodeIntroUITests */ = {
			isa = PBXGroup;
			children = (
				63EC6A622743D640001F7C98 /* XcodeIntroUITests.swift */,
				63EC6A642743D640001F7C98 /* XcodeIntroUITestsLaunchTests.swift */,
			);
			path = XcodeIntroUITests;
			sourceTree = "<group>";
		};
/* End PBXGroup section */

/* Begin PBXNativeTarget section */
		63EC6A3D2743D63F001F7C98 /* XcodeIntro */ = {
			isa = PBXNativeTarget;
			buildConfigurationList = 63EC6A682743D640001F7C98 /* Build configuration list for PBXNativeTarget "XcodeIntro" */;
			buildPhases = (
				63EC6A3A2743D63F001F7C98 /* Sources */,
				63EC6A3B2743D63F001F7C98 /* Frameworks */,
				63EC6A3C2743D63F001F7C98 /* Resources */,
			);
			buildRules = (
			);
			dependencies = (
			);
			name = XcodeIntro;
			productName = XcodeIntro;
			productReference = 63EC6A3E2743D63F001F7C98 /* XcodeIntro.app */;
			productType = "com.apple.product-type.application";
		};
		63EC6A532743D640001F7C98 /* XcodeIntroTests */ = {
			isa = PBXNativeTarget;
			buildConfigurationList = 63EC6A6B2743D640001F7C98 /* Build configuration list for PBXNativeTarget "XcodeIntroTests" */;
			buildPhases = (
				63EC6A502743D640001F7C98 /* Sources */,
				63EC6A512743D640001F7C98 /* Frameworks */,
				63EC6A522743D640001F7C98 /* Resources */,
			);
			buildRules = (
			);
			dependencies = (
				63EC6A562743D640001F7C98 /* PBXTargetDependency */,
			);
			name = XcodeIntroTests;
			productName = XcodeIntroTests;
			productReference = 63EC6A542743D640001F7C98 /* XcodeIntroTests.xctest */;
			productType = "com.apple.product-type.bundle.unit-test";
		};
		63EC6A5D2743D640001F7C98 /* XcodeIntroUITests */ = {
			isa = PBXNativeTarget;
			buildConfigurationList = 63EC6A6E2743D640001F7C98 /* Build configuration list for PBXNativeTarget "XcodeIntroUITests" */;
			buildPhases = (
				63EC6A5A2743D640001F7C98 /* Sources */,
				63EC6A5B2743D640001F7C98 /* Frameworks */,
				63EC6A5C2743D640001F7C98 /* Resources */,
			);
			buildRules = (
			);
			dependencies = (
				63EC6A602743D640001F7C98 /* PBXTargetDependency */,
			);
			name = XcodeIntroUITests;
			productName = XcodeIntroUITests;
			productReference = 63EC6A5E2743D640001F7C98 /* XcodeIntroUITests.xctest */;
			productType = "com.apple.product-type.bundle.ui-testing";
		};
/* End PBXNativeTarget section */

/* Begin PBXProject section */
		63EC6A362743D63F001F7C98 /* Project object */ = {
			isa = PBXProject;
			attributes = {
				BuildIndependentTargetsInParallel = 1;
				LastSwiftUpdateCheck = 1310;
				LastUpgradeCheck = 1310;
				TargetAttributes = {
					63EC6A3D2743D63F001F7C98 = {
						CreatedOnToolsVersion = 13.1;
					};
					63EC6A532743D640001F7C98 = {
						CreatedOnToolsVersion = 13.1;
						TestTargetID = 63EC6A3D2743D63F001F7C98;
					};
					63EC6A5D2743D640001F7C98 = {
						CreatedOnToolsVersion = 13.1;
						TestTargetID = 63EC6A3D2743D63F001F7C98;
					};
				};
			};
			buildConfigurationList = 63EC6A392743D63F001F7C98 /* Build configuration list for PBXProject "XcodeIntro" */;
			compatibilityVersion = "Xcode 13.0";
			developmentRegion = en;
			hasScannedForEncodings = 0;
			knownRegions = (
				en,
				Base,
			);
			mainGroup = 63EC6A352743D63F001F7C98;
			productRefGroup = 63EC6A3F2743D63F001F7C98 /* Products */;
			projectDirPath = "";
			projectRoot = "";
			targets = (
				63EC6A3D2743D63F001F7C98 /* XcodeIntro */,
				63EC6A532743D640001F7C98 /* XcodeIntroTests */,
				63EC6A5D2743D640001F7C98 /* XcodeIntroUITests */,
			);
		};
/* End PBXProject section */

/* Begin PBXResourcesBuildPhase section */
		63EC6A3C2743D63F001F7C98 /* Resources */ = {
			isa = PBXResourcesBuildPhase;
			buildActionMask = 2147483647;
			files = (
				63EC6A4E2743D640001F7C98 /* LaunchScreen.storyboard in Resources */,
				63EC6A4B2743D640001F7C98 /* Assets.xcassets in Resources */,
				63EC6A492743D63F001F7C98 /* Main.storyboard in Resources */,
			);
			runOnlyForDeploymentPostprocessing = 0;
		};
		63EC6A522743D640001F7C98 /* Resources */ = {
			isa = PBXResourcesBuildPhase;
			buildActionMask = 2147483647;
			files = (
			);
			runOnlyForDeploymentPostprocessing = 0;
		};
		63EC6A5C2743D640001F7C98 /* Resources */ = {
			isa = PBXResourcesBuildPhase;
			buildActionMask = 2147483647;
			files = (
			);
			runOnlyForDeploymentPostprocessing = 0;
		};
/* End PBXResourcesBuildPhase section */

/* Begin PBXSourcesBuildPhase section */
		63EC6A3A2743D63F001F7C98 /* Sources */ = {
			isa = PBXSourcesBuildPhase;
			buildActionMask = 2147483647;
			files = (
				63EC6A462743D63F001F7C98 /* ViewController.swift in Sources */,
				63EC6A422743D63F001F7C98 /* AppDelegate.swift in Sources */,
				63EC6A442743D63F001F7C98 /* SceneDelegate.swift in Sources */,
			);
			runOnlyForDeploymentPostprocessing = 0;
		};
		63EC6A502743D640001F7C98 /* Sources */ = {
			isa = PBXSourcesBuildPhase;
			buildActionMask = 2147483647;
			files = (
				63EC6A592743D640001F7C98 /* XcodeIntroTests.swift in Sources */,
			);
			runOnlyForDeploymentPostprocessing = 0;
		};
		63EC6A5A2743D640001F7C98 /* Sources */ = {
			isa = PBXSourcesBuildPhase;
			buildActionMask = 2147483647;
			files = (
				63EC6A632743D640001F7C98 /* XcodeIntroUITests.swift in Sources */,
				63EC6A652743D640001F7C98 /* XcodeIntroUITestsLaunchTests.swift in Sources */,
			);
			runOnlyForDeploymentPostprocessing = 0;
		};
/* End PBXSourcesBuildPhase section */

/* Begin PBXTargetDependency section */
		63EC6A562743D640001F7C98 /* PBXTargetDependency */ = {
			isa = PBXTargetDependency;
			target = 63EC6A3D2743D63F001F7C98 /* XcodeIntro */;
			targetProxy = 63EC6A552743D640001F7C98 /* PBXContainerItemProxy */;
		};
		63EC6A602743D640001F7C98 /* PBXTargetDependency */ = {
			isa = PBXTargetDependency;
			target = 63EC6A3D2743D63F001F7C98 /* XcodeIntro */;
			targetProxy = 63EC6A5F2743D640001F7C98 /* PBXContainerItemProxy */;
		};
/* End PBXTargetDependency section */

/* Begin PBXVariantGroup section */
		63EC6A472743D63F001F7C98 /* Main.storyboard */ = {
			isa = PBXVariantGroup;
			children = (
				63EC6A482743D63F001F7C98 /* Base */,
			);
			name = Main.storyboard;
			sourceTree = "<group>";
		};
		63EC6A4C2743D640001F7C98 /* LaunchScreen.storyboard */ = {
			isa = PBXVariantGroup;
			children = (
				63EC6A4D2743D640001F7C98 /* Base */,
			);
			name = LaunchScreen.storyboard;
			sourceTree = "<group>";
		};
/* End PBXVariantGroup section */

/* Begin XCBuildConfiguration section */
		63EC6A662743D640001F7C98 /* Debug */ = {
			isa = XCBuildConfiguration;
			buildSettings = {
				ALWAYS_SEARCH_USER_PATHS = NO;
				CLANG_ANALYZER_NONNULL = YES;
				CLANG_ANALYZER_NUMBER_OBJECT_CONVERSION = YES_AGGRESSIVE;
				CLANG_CXX_LANGUAGE_STANDARD = "gnu++17";
				CLANG_CXX_LIBRARY = "libc++";
				CLANG_ENABLE_MODULES = YES;
				CLANG_ENABLE_OBJC_ARC = YES;
				CLANG_ENABLE_OBJC_WEAK = YES;
				CLANG_WARN_BLOCK_CAPTURE_AUTORELEASING = YES;
				CLANG_WARN_BOOL_CONVERSION = YES;
				CLANG_WARN_COMMA = YES;
				CLANG_WARN_CONSTANT_CONVERSION = YES;
				CLANG_WARN_DEPRECATED_OBJC_IMPLEMENTATIONS = YES;
				CLANG_WARN_DIRECT_OBJC_ISA_USAGE = YES_ERROR;
				CLANG_WARN_DOCUMENTATION_COMMENTS = YES;
				CLANG_WARN_EMPTY_BODY = YES;
				CLANG_WARN_ENUM_CONVERSION = YES;
				CLANG_WARN_INFINITE_RECURSION = YES;
				CLANG_WARN_INT_CONVERSION = YES;
				CLANG_WARN_NON_LITERAL_NULL_CONVERSION = YES;
				CLANG_WARN_OBJC_IMPLICIT_RETAIN_SELF = YES;
				CLANG_WARN_OBJC_LITERAL_CONVERSION = YES;
				CLANG_WARN_OBJC_ROOT_CLASS = YES_ERROR;
				CLANG_WARN_QUOTED_INCLUDE_IN_FRAMEWORK_HEADER = YES;
				CLANG_WARN_RANGE_LOOP_ANALYSIS = YES;
				CLANG_WARN_STRICT_PROTOTYPES = YES;
				CLANG_WARN_SUSPICIOUS_MOVE = YES;
				CLANG_WARN_UNGUARDED_AVAILABILITY = YES_AGGRESSIVE;
				CLANG_WARN_UNREACHABLE_CODE = YES;
				CLANG_WARN__DUPLICATE_METHOD_MATCH = YES;
				COPY_PHASE_STRIP = NO;
				DEBUG_INFORMATION_FORMAT = dwarf;
				ENABLE_STRICT_OBJC_MSGSEND = YES;
				ENABLE_TESTABILITY = YES;
				GCC_C_LANGUAGE_STANDARD = gnu11;
				GCC_DYNAMIC_NO_PIC = NO;
				GCC_NO_COMMON_BLOCKS = YES;
				GCC_OPTIMIZATION_LEVEL = 0;
				GCC_PREPROCESSOR_DEFINITIONS = (
					"DEBUG=1",
					"$(inherited)",
				);
				GCC_WARN_64_TO_32_BIT_CONVERSION = YES;
				GCC_WARN_ABOUT_RETURN_TYPE = YES_ERROR;
				GCC_WARN_UNDECLARED_SELECTOR = YES;
				GCC_WARN_UNINITIALIZED_AUTOS = YES_AGGRESSIVE;
				GCC_WARN_UNUSED_FUNCTION = YES;
				GCC_WARN_UNUSED_VARIABLE = YES;
				IPHONEOS_DEPLOYMENT_TARGET = 15.0;
				MTL_ENABLE_DEBUG_INFO = INCLUDE_SOURCE;
				MTL_FAST_MATH = YES;
				ONLY_ACTIVE_ARCH = YES;
				SDKROOT = iphoneos;
				SWIFT_ACTIVE_COMPILATION_CONDITIONS = DEBUG;
				SWIFT_OPTIMIZATION_LEVEL = "-Onone";
			};
			name = Debug;
		};
		63EC6A672743D640001F7C98 /* Release */ = {
			isa = XCBuildConfiguration;
			buildSettings = {
				ALWAYS_SEARCH_USER_PATHS = NO;
				CLANG_ANALYZER_NONNULL = YES;
				CLANG_ANALYZER_NUMBER_OBJECT_CONVERSION = YES_AGGRESSIVE;
				CLANG_CXX_LANGUAGE_STANDARD = "gnu++17";
				CLANG_CXX_LIBRARY = "libc++";
				CLANG_ENABLE_MODULES = YES;
				CLANG_ENABLE_OBJC_ARC = YES;
				CLANG_ENABLE_OBJC_WEAK = YES;
				CLANG_WARN_BLOCK_CAPTURE_AUTORELEASING = YES;
				CLANG_WARN_BOOL_CONVERSION = YES;
				CLANG_WARN_COMMA = YES;
				CLANG_WARN_CONSTANT_CONVERSION = YES;
				CLANG_WARN_DEPRECATED_OBJC_IMPLEMENTATIONS = YES;
				CLANG_WARN_DIRECT_OBJC_ISA_USAGE = YES_ERROR;
				CLANG_WARN_DOCUMENTATION_COMMENTS = YES;
				CLANG_WARN_EMPTY_BODY = YES;
				CLANG_WARN_ENUM_CONVERSION = YES;
				CLANG_WARN_INFINITE_RECURSION = YES;
				CLANG_WARN_INT_CONVERSION = YES;
				CLANG_WARN_NON_LITERAL_NULL_CONVERSION = YES;
				CLANG_WARN_OBJC_IMPLICIT_RETAIN_SELF = YES;
				CLANG_WARN_OBJC_LITERAL_CONVERSION = YES;
				CLANG_WARN_OBJC_ROOT_CLASS = YES_ERROR;
				CLANG_WARN_QUOTED_INCLUDE_IN_FRAMEWORK_HEADER = YES;
				CLANG_WARN_RANGE_LOOP_ANALYSIS = YES;
				CLANG_WARN_STRICT_PROTOTYPES = YES;
				CLANG_WARN_SUSPICIOUS_MOVE = YES;
				CLANG_WARN_UNGUARDED_AVAILABILITY = YES_AGGRESSIVE;
				CLANG_WARN_UNREACHABLE_CODE = YES;
				CLANG_WARN__DUPLICATE_METHOD_MATCH = YES;
				COPY_PHASE_STRIP = NO;
				DEBUG_INFORMATION_FORMAT = "dwarf-with-dsym";
				ENABLE_NS_ASSERTIONS = NO;
				ENABLE_STRICT_OBJC_MSGSEND = YES;
				GCC_C_LANGUAGE_STANDARD = gnu11;
				GCC_NO_COMMON_BLOCKS = YES;
				GCC_WARN_64_TO_32_BIT_CONVERSION = YES;
				GCC_WARN_ABOUT_RETURN_TYPE = YES_ERROR;
				GCC_WARN_UNDECLARED_SELECTOR = YES;
				GCC_WARN_UNINITIALIZED_AUTOS = YES_AGGRESSIVE;
				GCC_WARN_UNUSED_FUNCTION = YES;
				GCC_WARN_UNUSED_VARIABLE = YES;
				IPHONEOS_DEPLOYMENT_TARGET = 15.0;
				MTL_ENABLE_DEBUG_INFO = NO;
				MTL_FAST_MATH = YES;
				SDKROOT = iphoneos;
				SWIFT_COMPILATION_MODE = wholemodule;
				SWIFT_OPTIMIZATION_LEVEL = "-O";
				VALIDATE_PRODUCT = YES;
			};
			name = Release;
		};
		63EC6A692743D640001F7C98 /* Debug */ = {
			isa = XCBuildConfiguration;
			buildSettings = {
				ASSETCATALOG_COMPILER_APPICON_NAME = AppIcon;
				ASSETCATALOG_COMPILER_GLOBAL_ACCENT_COLOR_NAME = AccentColor;
				CODE_SIGN_STYLE = Automatic;
				CURRENT_PROJECT_VERSION = 1;
				DEVELOPMENT_TEAM = GYVUGUT77Q;
				GENERATE_INFOPLIST_FILE = YES;
				INFOPLIST_FILE = XcodeIntro/Info.plist;
				INFOPLIST_KEY_UIApplicationSupportsIndirectInputEvents = YES;
				INFOPLIST_KEY_UILaunchStoryboardName = LaunchScreen;
				INFOPLIST_KEY_UIMainStoryboardFile = Main;
				INFOPLIST_KEY_UISupportedInterfaceOrientations_iPad = "UIInterfaceOrientationPortrait UIInterfaceOrientationPortraitUpsideDown UIInterfaceOrientationLandscapeLeft UIInterfaceOrientationLandscapeRight";
				INFOPLIST_KEY_UISupportedInterfaceOrientations_iPhone = "UIInterfaceOrientationPortrait UIInterfaceOrientationLandscapeLeft UIInterfaceOrientationLandscapeRight";
				LD_RUNPATH_SEARCH_PATHS = (
					"$(inherited)",
					"@executable_path/Frameworks",
				);
				MARKETING_VERSION = 1.0;
				PRODUCT_BUNDLE_IDENTIFIER = com.example.XcodeIntro;
				PRODUCT_NAME = "$(TARGET_NAME)";
				SWIFT_EMIT_LOC_STRINGS = YES;
				SWIFT_VERSION = 5.0;
				TARGETED_DEVICE_FAMILY = "1,2";
			};
			name = Debug;
		};
		63EC6A6A2743D640001F7C98 /* Release */ = {
			isa = XCBuildConfiguration;
			buildSettings = {
				ASSETCATALOG_COMPILER_APPICON_NAME = AppIcon;
				ASSETCATALOG_COMPILER_GLOBAL_ACCENT_COLOR_NAME = AccentColor;
				CODE_SIGN_STYLE = Automatic;
				CURRENT_PROJECT_VERSION = 1;
				DEVELOPMENT_TEAM = GYVUGUT77Q;
				GENERATE_INFOPLIST_FILE = YES;
				INFOPLIST_FILE = XcodeIntro/Info.plist;
				INFOPLIST_KEY_UIApplicationSupportsIndirectInputEvents = YES;
				INFOPLIST_KEY_UILaunchStoryboardName = LaunchScreen;
				INFOPLIST_KEY_UIMainStoryboardFile = Main;
				INFOPLIST_KEY_UISupportedInterfaceOrientations_iPad = "UIInterfaceOrientationPortrait UIInterfaceOrientationPortraitUpsideDown UIInterfaceOrientationLandscapeLeft UIInterfaceOrientationLandscapeRight";
				INFOPLIST_KEY_UISupportedInterfaceOrientations_iPhone = "UIInterfaceOrientationPortrait UIInterfaceOrientationLandscapeLeft UIInterfaceOrientationLandscapeRight";
				LD_RUNPATH_SEARCH_PATHS = (
					"$(inherited)",
					"@executable_path/Frameworks",
				);
				MARKETING_VERSION = 1.0;
				PRODUCT_BUNDLE_IDENTIFIER = com.example.XcodeIntro;
				PRODUCT_NAME = "$(TARGET_NAME)";
				SWIFT_EMIT_LOC_STRINGS = YES;
				SWIFT_VERSION = 5.0;
				TARGETED_DEVICE_FAMILY = "1,2";
			};
			name = Release;
		};
		63EC6A6C2743D640001F7C98 /* Debug */ = {
			isa = XCBuildConfiguration;
			buildSettings = {
				ALWAYS_EMBED_SWIFT_STANDARD_LIBRARIES = YES;
				BUNDLE_LOADER = "$(TEST_HOST)";
				CODE_SIGN_STYLE = Automatic;
				CURRENT_PROJECT_VERSION = 1;
				DEVELOPMENT_TEAM = GYVUGUT77Q;
				GENERATE_INFOPLIST_FILE = YES;
				IPHONEOS_DEPLOYMENT_TARGET = 15.0;
				LD_RUNPATH_SEARCH_PATHS = (
					"$(inherited)",
					"@executable_path/Frameworks",
					"@loader_path/Frameworks",
				);
				MARKETING_VERSION = 1.0;
				PRODUCT_BUNDLE_IDENTIFIER = com.example.XcodeIntroTests;
				PRODUCT_NAME = "$(TARGET_NAME)";
				SWIFT_EMIT_LOC_STRINGS = NO;
				SWIFT_VERSION = 5.0;
				TARGETED_DEVICE_FAMILY = "1,2";
				TEST_HOST = "$(BUILT_PRODUCTS_DIR)/XcodeIntro.app/XcodeIntro";
			};
			name = Debug;
		};
		63EC6A6D2743D640001F7C98 /* Release */ = {
			isa = XCBuildConfiguration;
			buildSettings = {
				ALWAYS_EMBED_SWIFT_STANDARD_LIBRARIES = YES;
				BUNDLE_LOADER = "$(TEST_HOST)";
				CODE_SIGN_STYLE = Automatic;
				CURRENT_PROJECT_VERSION = 1;
				DEVELOPMENT_TEAM = GYVUGUT77Q;
				GENERATE_INFOPLIST_FILE = YES;
				IPHONEOS_DEPLOYMENT_TARGET = 15.0;
				LD_RUNPATH_SEARCH_PATHS = (
					"$(inherited)",
					"@executable_path/Frameworks",
					"@loader_path/Frameworks",
				);
				MARKETING_VERSION = 1.0;
				PRODUCT_BUNDLE_IDENTIFIER = com.example.XcodeIntroTests;
				PRODUCT_NAME = "$(TARGET_NAME)";
				SWIFT_EMIT_LOC_STRINGS = NO;
				SWIFT_VERSION = 5.0;
				TARGETED_DEVICE_FAMILY = "1,2";
				TEST_HOST = "$(BUILT_PRODUCTS_DIR)/XcodeIntro.app/XcodeIntro";
			};
			name = Release;
		};
		63EC6A6F2743D640001F7C98 /* Debug */ = {
			isa = XCBuildConfiguration;
			buildSettings = {
				ALWAYS_EMBED_SWIFT_STANDARD_LIBRARIES = YES;
				CODE_SIGN_STYLE = Automatic;
				CURRENT_PROJECT_VERSION = 1;
				DEVELOPMENT_TEAM = GYVUGUT77Q;
				GENERATE_INFOPLIST_FILE = YES;
				LD_RUNPATH_SEARCH_PATHS = (
					"$(inherited)",
					"@executable_path/Frameworks",
					"@loader_path/Frameworks",
				);
				MARKETING_VERSION = 1.0;
				PRODUCT_BUNDLE_IDENTIFIER = com.example.XcodeIntroUITests;
				PRODUCT_NAME = "$(TARGET_NAME)";
				SWIFT_EMIT_LOC_STRINGS = NO;
				SWIFT_VERSION = 5.0;
				TARGETED_DEVICE_FAMILY = "1,2";
				TEST_TARGET_NAME = XcodeIntro;
			};
			name = Debug;
		};
		63EC6A702743D640001F7C98 /* Release */ = {
			isa = XCBuildConfiguration;
			buildSettings = {
				ALWAYS_EMBED_SWIFT_STANDARD_LIBRARIES = YES;
				CODE_SIGN_STYLE = Automatic;
				CURRENT_PROJECT_VERSION = 1;
				DEVELOPMENT_TEAM = GYVUGUT77Q;
				GENERATE_INFOPLIST_FILE = YES;
				LD_RUNPATH_SEARCH_PATHS = (
					"$(inherited)",
					"@executable_path/Frameworks",
					"@loader_path/Frameworks",
				);
				MARKETING_VERSION = 1.0;
				PRODUCT_BUNDLE_IDENTIFIER = com.example.XcodeIntroUITests;
				PRODUCT_NAME = "$(TARGET_NAME)";
				SWIFT_EMIT_LOC_STRINGS = NO;
				SWIFT_VERSION = 5.0;
				TARGETED_DEVICE_FAMILY = "1,2";
				TEST_TARGET_NAME = XcodeIntro;
			};
			name = Release;
		};
/* End XCBuildConfiguration section */

/* Begin XCConfigurationList section */
		63EC6A392743D63F001F7C98 /* Build configuration list for PBXProject "XcodeIntro" */ = {
			isa = XCConfigurationList;
			buildConfigurations = (
				63EC6A662743D640001F7C98 /* Debug */,
				63EC6A672743D640001F7C98 /* Release */,
			);
			defaultConfigurationIsVisible = 0;
			defaultConfigurationName = Release;
		};
		63EC6A682743D640001F7C98 /* Build configuration list for PBXNativeTarget "XcodeIntro" */ = {
			isa = XCConfigurationList;
			buildConfigurations = (
				63EC6A692743D640001F7C98 /* Debug */,
				63EC6A6A2743D640001F7C98 /* Release */,
			);
			defaultConfigurationIsVisible = 0;
			defaultConfigurationName = Release;
		};
		63EC6A6B2743D640001F7C98 /* Build configuration list for PBXNativeTarget "XcodeIntroTests" */ = {
			isa = XCConfigurationList;
			buildConfigurations = (
				63EC6A6C2743D640001F7C98 /* Debug */,
				63EC6A6D2743D640001F7C98 /* Release */,
			);
			defaultConfigurationIsVisible = 0;
			defaultConfigurationName = Release;
		};
		63EC6A6E2743D640001F7C98 /* Build configuration list for PBXNativeTarget "XcodeIntroUITests" */ = {
			isa = XCConfigurationList;
			buildConfigurations = (
				63EC6A6F2743D640001F7C98 /* Debug */,
				63EC6A702743D640001F7C98 /* Release */,
			);
			defaultConfigurationIsVisible = 0;
			defaultConfigurationName = Release;
		};
/* End XCConfigurationList section */
	};
	rootObject = 63EC6A362743D63F001F7C98 /* Project object */;
}
